
  dependencies:
    debug "4"

agent-base@^7.0.2, agent-base@^7.1.0, agent-base@^7.1.1, agent-base@^7.1.2:
  version "7.1.3"
  resolved "https://registry.yarnpkg.com/agent-base/-/agent-base-7.1.3.tgz#29435eb821bc4194633a5b89e5bc4703bafc25a1"
  integrity sha512-jRR5wdylq8CkOe6hei19GGZnxM6rBGwFl3Bg0YItGDimvjGtAvdZk4Pu6Cl4u4Igsws4a1fd1Vq3ezrhn4KmFw==
@@ -14963,10 +14956,10 @@ browserslist@^4.24.2:
    node-releases "^2.0.19"
    update-browserslist-db "^1.1.1"

browserstack-local@^1.4.5, browserstack-local@^1.5.6:
  version "1.5.6"
  resolved "https://registry.yarnpkg.com/browserstack-local/-/browserstack-local-1.5.6.tgz#da639f0f4203df9f46efd9935b2239b223991139"
  integrity sha512-s0GadAkyE1XHxnmymb9atogTZbA654bcFpqGkcYEtYPaPvuvVfSXR0gw8ojn0I0Td2HEMJcGtdrkBjb1Fi/HmQ==
  dependencies:
    agent-base "^6.0.2"
    https-proxy-agent "^5.0.1"
@@ -21024,15 +21017,7 @@ https-proxy-agent@^4.0.0:
    agent-base "5"
    debug "4"

https-proxy-agent@^7.0.1, https-proxy-agent@^7.0.2, https-proxy-agent@^7.0.5, https-proxy-agent@^7.0.6:
  version "7.0.6"
  resolved "https://registry.yarnpkg.com/https-proxy-agent/-/https-proxy-agent-7.0.6.tgz#da8dfeac7da130b05c2ba4b59c9b6cd66611a6b9"
  integrity sha512-vK9P5/iUfdl95AI+JVyUuIcVtd4ofvtrOr3HNtM2yxC9bnMbEdp3x01OhQNnjb8IJYi38VlTE3mBXwcfvywuSw==